
Microsoft Visual Studio Solution File, Format Version 12.00
# Visual Studio Version 17
VisualStudioVersion = 17.14.36301.6
MinimumVisualStudioVersion = 10.0.40219.1
Project("{2150E333-8FDC-42A3-9474-1A3956D46DE8}") = "Services", "Services", "{02EA681E-C7D8-13C7-8484-4AC65E1B71E8}"
EndProject
Project("{2150E333-8FDC-42A3-9474-1A3956D46DE8}") = "Catalog", "Catalog", "{45DFD3C1-1DB0-49E4-941D-5BAE095285C1}"
EndProject
Project("{FAE04EC0-301F-11D3-BF4B-00C04F79EFBC}") = "Catalog.API", "src\Services\Catalog\Catalog.API\Catalog.API.csproj", "{890A1E77-3198-4C91-971B-A61ADB957686}"
EndProject
Project("{2150E333-8FDC-42A3-9474-1A3956D46DE8}") = "BuildingBlocks", "BuildingBlocks", "{44B2F06A-00CE-4576-94D7-8C8956082CA1}"
EndProject
Project("{FAE04EC0-301F-11D3-BF4B-00C04F79EFBC}") = "BuildingBlocks", "BuildingBlocks\BuildingBlocks\BuildingBlocks.csproj", "{0968387C-1F6D-4022-8957-99474F62AE3A}"
EndProject
Project("{E53339B2-1760-4266-BCC7-CA923CBCF16C}") = "docker-compose", "docker-compose.dcproj", "{81DDED9D-158B-E303-5F62-77A2896D2A5A}"
EndProject
Project("{2150E333-8FDC-42A3-9474-1A3956D46DE8}") = "Basket", "Basket", "{426E011B-6CB9-4C8D-BF72-07FA8082E3D8}"
EndProject
Project("{FAE04EC0-301F-11D3-BF4B-00C04F79EFBC}") = "Basket.API", "Basket.API\Basket.API.csproj", "{891F6A9A-2529-4266-8E7D-416C6BD0C6B6}"
EndProject
Project("{2150E333-8FDC-42A3-9474-1A3956D46DE8}") = "Discount", "Discount", "{0FDF843D-1643-4118-B27E-39A546379F50}"
EndProject
Project("{FAE04EC0-301F-11D3-BF4B-00C04F79EFBC}") = "Discount.Grpc", "src\Services\Discount\Discount.Grpc\Discount.Grpc.csproj", "{6F618A1B-9A39-41A8-94FA-A19645576E96}"
EndProject
Project("{2150E333-8FDC-42A3-9474-1A3956D46DE8}") = "Ordering", "Ordering", "{6CBF3108-0190-4D15-B03B-C23AC1B7EE17}"
EndProject
Project("{FAE04EC0-301F-11D3-BF4B-00C04F79EFBC}") = "Ordering.API", "src\Services\Ordering\Ordering.API\Ordering.API.csproj", "{23E5B719-2D4B-40F4-BFBB-AFFCE57012B6}"
EndProject
Project("{FAE04EC0-301F-11D3-BF4B-00C04F79EFBC}") = "Ordering.Domain", "src\Services\Ordering\Ordering.Domain\Ordering.Domain.csproj", "{0A8CB464-02E5-4CD6-9D0F-AFB372C6A7FD}"
EndProject
Project("{FAE04EC0-301F-11D3-BF4B-00C04F79EFBC}") = "Ordering.Application", "src\Services\Ordering\Ordering.Application\Ordering.Application.csproj", "{481A1871-BD3B-42E8-AB8C-391DA9F98EE2}"
EndProject
Project("{FAE04EC0-301F-11D3-BF4B-00C04F79EFBC}") = "Ordering.Infrastracure", "src\Services\Ordering\Ordering.Infrastracure\Ordering.Infrastracure.csproj", "{E5EF20FF-E68C-495C-BEF2-DA3610F865F9}"
EndProject
Global
	GlobalSection(SolutionConfigurationPlatforms) = preSolution
		Debug|Any CPU = Debug|Any CPU
		Release|Any CPU = Release|Any CPU
	EndGlobalSection
	GlobalSection(ProjectConfigurationPlatforms) = postSolution
		{890A1E77-3198-4C91-971B-A61ADB957686}.Debug|Any CPU.ActiveCfg = Debug|Any CPU
		{890A1E77-3198-4C91-971B-A61ADB957686}.Debug|Any CPU.Build.0 = Debug|Any CPU
		{890A1E77-3198-4C91-971B-A61ADB957686}.Release|Any CPU.ActiveCfg = Release|Any CPU
		{890A1E77-3198-4C91-971B-A61ADB957686}.Release|Any CPU.Build.0 = Release|Any CPU
		{0968387C-1F6D-4022-8957-99474F62AE3A}.Debug|Any CPU.ActiveCfg = Debug|Any CPU
		{0968387C-1F6D-4022-8957-99474F62AE3A}.Debug|Any CPU.Build.0 = Debug|Any CPU
		{0968387C-1F6D-4022-8957-99474F62AE3A}.Release|Any CPU.ActiveCfg = Release|Any CPU
		{0968387C-1F6D-4022-8957-99474F62AE3A}.Release|Any CPU.Build.0 = Release|Any CPU
		{81DDED9D-158B-E303-5F62-77A2896D2A5A}.Debug|Any CPU.ActiveCfg = Debug|Any CPU
		{81DDED9D-158B-E303-5F62-77A2896D2A5A}.Debug|Any CPU.Build.0 = Debug|Any CPU
		{81DDED9D-158B-E303-5F62-77A2896D2A5A}.Release|Any CPU.ActiveCfg = Release|Any CPU
		{81DDED9D-158B-E303-5F62-77A2896D2A5A}.Release|Any CPU.Build.0 = Release|Any CPU
		{891F6A9A-2529-4266-8E7D-416C6BD0C6B6}.Debug|Any CPU.ActiveCfg = Debug|Any CPU
		{891F6A9A-2529-4266-8E7D-416C6BD0C6B6}.Debug|Any CPU.Build.0 = Debug|Any CPU
		{891F6A9A-2529-4266-8E7D-416C6BD0C6B6}.Release|Any CPU.ActiveCfg = Release|Any CPU
		{891F6A9A-2529-4266-8E7D-416C6BD0C6B6}.Release|Any CPU.Build.0 = Release|Any CPU
		{6F618A1B-9A39-41A8-94FA-A19645576E96}.Debug|Any CPU.ActiveCfg = Debug|Any CPU
		{6F618A1B-9A39-41A8-94FA-A19645576E96}.Debug|Any CPU.Build.0 = Debug|Any CPU
		{6F618A1B-9A39-41A8-94FA-A19645576E96}.Release|Any CPU.ActiveCfg = Release|Any CPU
		{6F618A1B-9A39-41A8-94FA-A19645576E96}.Release|Any CPU.Build.0 = Release|Any CPU
		{23E5B719-2D4B-40F4-BFBB-AFFCE57012B6}.Debug|Any CPU.ActiveCfg = Debug|Any CPU
		{23E5B719-2D4B-40F4-BFBB-AFFCE57012B6}.Debug|Any CPU.Build.0 = Debug|Any CPU
		{23E5B719-2D4B-40F4-BFBB-AFFCE57012B6}.Release|Any CPU.ActiveCfg = Release|Any CPU
		{23E5B719-2D4B-40F4-BFBB-AFFCE57012B6}.Release|Any CPU.Build.0 = Release|Any CPU
		{0A8CB464-02E5-4CD6-9D0F-AFB372C6A7FD}.Debug|Any CPU.ActiveCfg = Debug|Any CPU
		{0A8CB464-02E5-4CD6-9D0F-AFB372C6A7FD}.Debug|Any CPU.Build.0 = Debug|Any CPU
		{0A8CB464-02E5-4CD6-9D0F-AFB372C6A7FD}.Release|Any CPU.ActiveCfg = Release|Any CPU
		{0A8CB464-02E5-4CD6-9D0F-AFB372C6A7FD}.Release|Any CPU.Build.0 = Release|Any CPU
		{481A1871-BD3B-42E8-AB8C-391DA9F98EE2}.Debug|Any CPU.ActiveCfg = Debug|Any CPU
		{481A1871-BD3B-42E8-AB8C-391DA9F98EE2}.Debug|Any CPU.Build.0 = Debug|Any CPU
		{481A1871-BD3B-42E8-AB8C-391DA9F98EE2}.Release|Any CPU.ActiveCfg = Release|Any CPU
		{481A1871-BD3B-42E8-AB8C-391DA9F98EE2}.Release|Any CPU.Build.0 = Release|Any CPU
		{E5EF20FF-E68C-495C-BEF2-DA3610F865F9}.Debug|Any CPU.ActiveCfg = Debug|Any CPU
		{E5EF20FF-E68C-495C-BEF2-DA3610F865F9}.Debug|Any CPU.Build.0 = Debug|Any CPU
		{E5EF20FF-E68C-495C-BEF2-DA3610F865F9}.Release|Any CPU.ActiveCfg = Release|Any CPU
		{E5EF20FF-E68C-495C-BEF2-DA3610F865F9}.Release|Any CPU.Build.0 = Release|Any CPU
	EndGlobalSection
	GlobalSection(SolutionProperties) = preSolution
		HideSolutionNode = FALSE
	EndGlobalSection
	GlobalSection(NestedProjects) = preSolution
		{45DFD3C1-1DB0-49E4-941D-5BAE095285C1} = {02EA681E-C7D8-13C7-8484-4AC65E1B71E8}
		{890A1E77-3198-4C91-971B-A61ADB957686} = {45DFD3C1-1DB0-49E4-941D-5BAE095285C1}
		{0968387C-1F6D-4022-8957-99474F62AE3A} = {44B2F06A-00CE-4576-94D7-8C8956082CA1}
		{426E011B-6CB9-4C8D-BF72-07FA8082E3D8} = {02EA681E-C7D8-13C7-8484-4AC65E1B71E8}
		{891F6A9A-2529-4266-8E7D-416C6BD0C6B6} = {426E011B-6CB9-4C8D-BF72-07FA8082E3D8}
		{0FDF843D-1643-4118-B27E-39A546379F50} = {02EA681E-C7D8-13C7-8484-4AC65E1B71E8}
		{6F618A1B-9A39-41A8-94FA-A19645576E96} = {0FDF843D-1643-4118-B27E-39A546379F50}
		{6CBF3108-0190-4D15-B03B-C23AC1B7EE17} = {02EA681E-C7D8-13C7-8484-4AC65E1B71E8}
		{23E5B719-2D4B-40F4-BFBB-AFFCE57012B6} = {6CBF3108-0190-4D15-B03B-C23AC1B7EE17}
		{0A8CB464-02E5-4CD6-9D0F-AFB372C6A7FD} = {6CBF3108-0190-4D15-B03B-C23AC1B7EE17}
		{481A1871-BD3B-42E8-AB8C-391DA9F98EE2} = {6CBF3108-0190-4D15-B03B-C23AC1B7EE17}
		{E5EF20FF-E68C-495C-BEF2-DA3610F865F9} = {6CBF3108-0190-4D15-B03B-C23AC1B7EE17}
	EndGlobalSection
	GlobalSection(ExtensibilityGlobals) = postSolution
		SolutionGuid = {4D8B0161-AB0D-4B10-A848-6489FA2FB606}
	EndGlobalSection
EndGlobal
